github.com/aceeric/imgpull v1.0.0 h1:uqDuoQECRHq4Q6Bb6Wjb2YAVdvj928fH0WLxVB6dsgk=
github.com/aceeric/imgpull v1.0.0/go.mod h1:yTCvfgQUZgp3R4M9FuR5J+c02l5dtxBB+AOTYOmxzu4=
github.com/opencontainers/go-digest v1.0.0 h1:apOUWs51W5PlhuyGyz9FCeeBIOUDA/6nW8Oi/yOhh5U=
github.com/opencontainers/go-digest v1.0.0/go.mod h1:0JzlMkj0TRzQZfJkVvzbP0HBR3IKzErnv2BNG4W4MAM=
